Microsoft Visual Studio Solution File, Format Version 12.00
# Visual Studio Version 17
VisualStudioVersion = 17.0.31903.59
MinimumVisualStudioVersion = 10.0.40219.1
Project("{9A19103F-16F7-4668-BE54-9A1E7A4F7556}") = "TivuStream.Pie.Model", "src\TivuStream.Pie.Model\TivuStream.Pie.Model.csproj", "{C98F3895-C92A-59C3-9C04-B7142D0EFA70}"
EndProject
Project("{9A19103F-16F7-4668-BE54-9A1E7A4F7556}") = "TivuStream.Pie.Core", "src\TivuStream.Pie.Core\TivuStream.Pie.Core.csproj", "{7A73E621-A10C-5875-B5CA-1EBC101D6A1B}"
EndProject
Project("{9A19103F-16F7-4668-BE54-9A1E7A4F7556}") = "TivuStream.Pie.Adapters", "src\TivuStream.Pie.Adapters\TivuStream.Pie.Adapters.csproj", "{D8305F84-94B4-5ACD-BCDB-1644C91292E8}"
EndProject
Project("{9A19103F-16F7-4668-BE54-9A1E7A4F7556}") = "TivuStream.Pie.Adapters.Technitium", "src\TivuStream.Pie.Adapters.Technitium\TivuStream.Pie.Adapters.Technitium.csproj", "{7D2F4A25-E10A-55FB-86DC-A02401BF727C}"
EndProject
Project("{9A19103F-16F7-4668-BE54-9A1E7A4F7556}") = "TivuStream.Pie.Api", "src\TivuStream.Pie.Api\TivuStream.Pie.Api.csproj", "{77B2B3C5-129D-5BA3-818D-9532BD757B47}"
EndProject
Global
	GlobalSection(SolutionConfigurationPlatforms) = preSolution
		Debug|Any CPU = Debug|Any CPU
		Release|Any CPU = Release|Any CPU
	EndGlobalSection
	GlobalSection(ProjectConfigurationPlatforms) = postSolution
		{C98F3895-C92A-59C3-9C04-B7142D0EFA70}.Debug|Any CPU.ActiveCfg = Debug|Any CPU
		{C98F3895-C92A-59C3-9C04-B7142D0EFA70}.Debug|Any CPU.Build.0 = Debug|Any CPU
		{C98F3895-C92A-59C3-9C04-B7142D0EFA70}.Release|Any CPU.ActiveCfg = Release|Any CPU
		{C98F3895-C92A-59C3-9C04-B7142D0EFA70}.Release|Any CPU.Build.0 = Release|Any CPU
		{7A73E621-A10C-5875-B5CA-1EBC101D6A1B}.Debug|Any CPU.ActiveCfg = Debug|Any CPU
		{7A73E621-A10C-5875-B5CA-1EBC101D6A1B}.Debug|Any CPU.Build.0 = Debug|Any CPU
		{7A73E621-A10C-5875-B5CA-1EBC101D6A1B}.Release|Any CPU.ActiveCfg = Release|Any CPU
		{7A73E621-A10C-5875-B5CA-1EBC101D6A1B}.Release|Any CPU.Build.0 = Release|Any CPU
		{D8305F84-94B4-5ACD-BCDB-1644C91292E8}.Debug|Any CPU.ActiveCfg = Debug|Any CPU
		{D8305F84-94B4-5ACD-BCDB-1644C91292E8}.Debug|Any CPU.Build.0 = Debug|Any CPU
		{D8305F84-94B4-5ACD-BCDB-1644C91292E8}.Release|Any CPU.ActiveCfg = Release|Any CPU
		{D8305F84-94B4-5ACD-BCDB-1644C91292E8}.Release|Any CPU.Build.0 = Release|Any CPU
		{7D2F4A25-E10A-55FB-86DC-A02401BF727C}.Debug|Any CPU.ActiveCfg = Debug|Any CPU
		{7D2F4A25-E10A-55FB-86DC-A02401BF727C}.Debug|Any CPU.Build.0 = Debug|Any CPU
		{7D2F4A25-E10A-55FB-86DC-A02401BF727C}.Release|Any CPU.ActiveCfg = Release|Any CPU
		{7D2F4A25-E10A-55FB-86DC-A02401BF727C}.Release|Any CPU.Build.0 = Release|Any CPU
		{77B2B3C5-129D-5BA3-818D-9532BD757B47}.Debug|Any CPU.ActiveCfg = Debug|Any CPU
		{77B2B3C5-129D-5BA3-818D-9532BD757B47}.Debug|Any CPU.Build.0 = Debug|Any CPU
		{77B2B3C5-129D-5BA3-818D-9532BD757B47}.Release|Any CPU.ActiveCfg = Release|Any CPU
		{77B2B3C5-129D-5BA3-818D-9532BD757B47}.Release|Any CPU.Build.0 = Release|Any CPU
	EndGlobalSection
	GlobalSection(SolutionProperties) = preSolution
		HideSolutionNode = FALSE
	EndGlobalSection
	GlobalSection(ExtensibilityGlobals) = postSolution
		SolutionGuid = {16ED7F6C-8B5C-5FFA-847B-F16C78F4A3DE}
	EndGlobalSection
EndGlobal
