Microsoft Visual Studio Solution File, Format Version 12.00
# Visual Studio Version 17
VisualStudioVersion = 17.0.31903.59
MinimumVisualStudioVersion = 10.0.40219.1
Project("{9A19103F-16F7-4668-BE54-9A1E7A4F7556}") = "TivuStream.Pie.Model", "src\TivuStream.Pie.Model\TivuStream.Pie.Model.csproj", "{C98F3895-C92A-59C3-9C04-B7142D0EFA70}"
EndProject
Project("{9A19103F-16F7-4668-BE54-9A1E7A4F7556}") = "TivuStream.Pie.Core", "src\TivuStream.Pie.Core\TivuStream.Pie.Core.csproj", "{7A73E621-A10C-5875-B5CA-1EBC101D6A1B}"
EndProject
Project("{9A19103F-16F7-4668-BE54-9A1E7A4F7556}") = "TivuStream.Pie.Adapters", "src\TivuStream.Pie.Adapters\TivuStream.Pie.Adapters.csproj", "{D8305F84-94B4-5ACD-BCDB-1644C91292E8}"
EndProject
Project("{9A19103F-16F7-4668-BE54-9A1E7A4F7556}") = "TivuStream.Pie.Adapters.Technitium", "src\TivuStream.Pie.Adapters.Technitium\TivuStream.Pie.Adapters.Technitium.csproj", "{7D2F4A25-E10A-55FB-86DC-A02401BF727C}"
EndProject
Project("{9A19103F-16F7-4668-BE54-9A1E7A4F7556}") = "TivuStream.Pie.Storage", "src\TivuStream.Pie.Storage\TivuStream.Pie.Storage.csproj", "{3F5A9C21-8D4E-4B7A-9E16-2C8B0D5F7A34}"
EndProject
Project("{9A19103F-16F7-4668-BE54-9A1E7A4F7556}") = "TivuStream.Pie.Api", "src\TivuStream.Pie.Api\TivuStream.Pie.Api.csproj", "{77B2B3C5-129D-5BA3-818D-9532BD757B47}"
EndProject
Project("{9A19103F-16F7-4668-BE54-9A1E7A4F7556}") = "TivuStream.Pie.Core.Tests", "tests\TivuStream.Pie.Core.Tests\TivuStream.Pie.Core.Tests.csproj", "{A47C1E58-63B9-4D02-8F35-1C90E7B4D216}"
EndProject
Project("{9A19103F-16F7-4668-BE54-9A1E7A4F7556}") = "TivuStream.Pie.Storage.Tests", "tests\TivuStream.Pie.Storage.Tests\TivuStream.Pie.Storage.Tests.csproj", "{B58D2F91-4C7A-4E31-9A62-8D3F1C05E7B4}"
EndProject
Project("{9A19103F-16F7-4668-BE54-9A1E7A4F7556}") = "TivuStream.Pie.Adapters.Technitium.Tests", "tests\TivuStream.Pie.Adapters.Technitium.Tests\TivuStream.Pie.Adapters.Technitium.Tests.csproj", "{C3D71A46-92B8-4E05-A1F7-5B6E8D204C39}"
EndProject
Project("{9A19103F-16F7-4668-BE54-9A1E7A4F7556}") = "TivuStream.Pie.Api.Tests", "tests\TivuStream.Pie.Api.Tests\TivuStream.Pie.Api.Tests.csproj", "{D9E42B57-03C1-4F68-B2A8-6C7F9E315D4A}"
EndProject
Global
	GlobalSection(SolutionConfigurationPlatforms) = preSolution
		Debug|Any CPU = Debug|Any CPU
		Release|Any CPU = Release|Any CPU
	EndGlobalSection
	GlobalSection(ProjectConfigurationPlatforms) = postSolution
		{C98F3895-C92A-59C3-9C04-B7142D0EFA70}.Debug|Any CPU.ActiveCfg = Debug|Any CPU
		{C98F3895-C92A-59C3-9C04-B7142D0EFA70}.Debug|Any CPU.Build.0 = Debug|Any CPU
		{C98F3895-C92A-59C3-9C04-B7142D0EFA70}.Release|Any CPU.ActiveCfg = Release|Any CPU
		{C98F3895-C92A-59C3-9C04-B7142D0EFA70}.Release|Any CPU.Build.0 = Release|Any CPU
		{7A73E621-A10C-5875-B5CA-1EBC101D6A1B}.Debug|Any CPU.ActiveCfg = Debug|Any CPU
		{7A73E621-A10C-5875-B5CA-1EBC101D6A1B}.Debug|Any CPU.Build.0 = Debug|Any CPU
		{7A73E621-A10C-5875-B5CA-1EBC101D6A1B}.Release|Any CPU.ActiveCfg = Release|Any CPU
		{7A73E621-A10C-5875-B5CA-1EBC101D6A1B}.Release|Any CPU.Build.0 = Release|Any CPU
		{D8305F84-94B4-5ACD-BCDB-1644C91292E8}.Debug|Any CPU.ActiveCfg = Debug|Any CPU
		{D8305F84-94B4-5ACD-BCDB-1644C91292E8}.Debug|Any CPU.Build.0 = Debug|Any CPU
		{D8305F84-94B4-5ACD-BCDB-1644C91292E8}.Release|Any CPU.ActiveCfg = Release|Any CPU
		{D8305F84-94B4-5ACD-BCDB-1644C91292E8}.Release|Any CPU.Build.0 = Release|Any CPU
		{7D2F4A25-E10A-55FB-86DC-A02401BF727C}.Debug|Any CPU.ActiveCfg = Debug|Any CPU
		{7D2F4A25-E10A-55FB-86DC-A02401BF727C}.Debug|Any CPU.Build.0 = Debug|Any CPU
		{7D2F4A25-E10A-55FB-86DC-A02401BF727C}.Release|Any CPU.ActiveCfg = Release|Any CPU
		{7D2F4A25-E10A-55FB-86DC-A02401BF727C}.Release|Any CPU.Build.0 = Release|Any CPU
		{3F5A9C21-8D4E-4B7A-9E16-2C8B0D5F7A34}.Debug|Any CPU.ActiveCfg = Debug|Any CPU
		{3F5A9C21-8D4E-4B7A-9E16-2C8B0D5F7A34}.Debug|Any CPU.Build.0 = Debug|Any CPU
		{3F5A9C21-8D4E-4B7A-9E16-2C8B0D5F7A34}.Release|Any CPU.ActiveCfg = Release|Any CPU
		{3F5A9C21-8D4E-4B7A-9E16-2C8B0D5F7A34}.Release|Any CPU.Build.0 = Release|Any CPU
		{77B2B3C5-129D-5BA3-818D-9532BD757B47}.Debug|Any CPU.ActiveCfg = Debug|Any CPU
		{77B2B3C5-129D-5BA3-818D-9532BD757B47}.Debug|Any CPU.Build.0 = Debug|Any CPU
		{77B2B3C5-129D-5BA3-818D-9532BD757B47}.Release|Any CPU.ActiveCfg = Release|Any CPU
		{77B2B3C5-129D-5BA3-818D-9532BD757B47}.Release|Any CPU.Build.0 = Release|Any CPU
		{A47C1E58-63B9-4D02-8F35-1C90E7B4D216}.Debug|Any CPU.ActiveCfg = Debug|Any CPU
		{A47C1E58-63B9-4D02-8F35-1C90E7B4D216}.Debug|Any CPU.Build.0 = Debug|Any CPU
		{A47C1E58-63B9-4D02-8F35-1C90E7B4D216}.Release|Any CPU.ActiveCfg = Release|Any CPU
		{A47C1E58-63B9-4D02-8F35-1C90E7B4D216}.Release|Any CPU.Build.0 = Release|Any CPU
		{B58D2F91-4C7A-4E31-9A62-8D3F1C05E7B4}.Debug|Any CPU.ActiveCfg = Debug|Any CPU
		{B58D2F91-4C7A-4E31-9A62-8D3F1C05E7B4}.Debug|Any CPU.Build.0 = Debug|Any CPU
		{B58D2F91-4C7A-4E31-9A62-8D3F1C05E7B4}.Release|Any CPU.ActiveCfg = Release|Any CPU
		{B58D2F91-4C7A-4E31-9A62-8D3F1C05E7B4}.Release|Any CPU.Build.0 = Release|Any CPU
		{C3D71A46-92B8-4E05-A1F7-5B6E8D204C39}.Debug|Any CPU.ActiveCfg = Debug|Any CPU
		{C3D71A46-92B8-4E05-A1F7-5B6E8D204C39}.Debug|Any CPU.Build.0 = Debug|Any CPU
		{C3D71A46-92B8-4E05-A1F7-5B6E8D204C39}.Release|Any CPU.ActiveCfg = Release|Any CPU
		{C3D71A46-92B8-4E05-A1F7-5B6E8D204C39}.Release|Any CPU.Build.0 = Release|Any CPU
		{D9E42B57-03C1-4F68-B2A8-6C7F9E315D4A}.Debug|Any CPU.ActiveCfg = Debug|Any CPU
		{D9E42B57-03C1-4F68-B2A8-6C7F9E315D4A}.Debug|Any CPU.Build.0 = Debug|Any CPU
		{D9E42B57-03C1-4F68-B2A8-6C7F9E315D4A}.Release|Any CPU.ActiveCfg = Release|Any CPU
		{D9E42B57-03C1-4F68-B2A8-6C7F9E315D4A}.Release|Any CPU.Build.0 = Release|Any CPU
	EndGlobalSection
	GlobalSection(SolutionProperties) = preSolution
		HideSolutionNode = FALSE
	EndGlobalSection
	GlobalSection(ExtensibilityGlobals) = postSolution
		SolutionGuid = {16ED7F6C-8B5C-5FFA-847B-F16C78F4A3DE}
	EndGlobalSection
EndGlobal
